// !$*UTF8*$!
{
	archiveVersion = 1;
	classes = {
	};
	objectVersion = 46;
	objects = {

/* Begin PBXBuildFile section */
		6B14BB161A279724009F1C59 /* SplitViewController.swift in Sources */ = {isa = PBXBuildFile; fileRef = 6B14BB151A279724009F1C59 /* SplitViewController.swift */; };
		6B14BB181A27A3E5009F1C59 /* CarrosTableViewController.swift in Sources */ = {isa = PBXBuildFile; fileRef = 6B14BB171A27A3E5009F1C59 /* CarrosTableViewController.swift */; };
		6B9F691B1A1003C00020C0D7 /* Webservice.swift in Sources */ = {isa = PBXBuildFile; fileRef = 6B9F691A1A1003C00020C0D7 /* Webservice.swift */; };
		6B9F691F1A100A590020C0D7 /* MainViewController.swift in Sources */ = {isa = PBXBuildFile; fileRef = 6B9F691E1A100A590020C0D7 /* MainViewController.swift */; };
		6BA0690219E99DD00064E802 /* MapKit.framework in Frameworks */ = {isa = PBXBuildFile; fileRef = 6BA0690119E99DD00064E802 /* MapKit.framework */; };
		6BA9E5C819DC39A700214063 /* AppDelegate.swift in Sources */ = {isa = PBXBuildFile; fileRef = 6BA9E5C719DC39A700214063 /* AppDelegate.swift */; };
		6BA9E5CA19DC39A700214063 /* LoginViewController.swift in Sources */ = {isa = PBXBuildFile; fileRef = 6BA9E5C919DC39A700214063 /* LoginViewController.swift */; };
		6BA9E5CD19DC39A700214063 /* Main.storyboard in Resources */ = {isa = PBXBuildFile; fileRef = 6BA9E5CB19DC39A700214063 /* Main.storyboard */; };
		6BA9E5D219DC39A700214063 /* LaunchScreen.xib in Resources */ = {isa = PBXBuildFile; fileRef = 6BA9E5D019DC39A700214063 /* LaunchScreen.xib */; };
		6BA9E5DE19DC39A700214063 /* Mobile_TrackTests.swift in Sources */ = {isa = PBXBuildFile; fileRef = 6BA9E5DD19DC39A700214063 /* Mobile_TrackTests.swift */; };
		6BA9E5E819DC3D1300214063 /* track_logo.png in Resources */ = {isa = PBXBuildFile; fileRef = 6BA9E5E719DC3D1300214063 /* track_logo.png */; };
		6BB027481A290D360004E394 /* PontoMapa.swift in Sources */ = {isa = PBXBuildFile; fileRef = 6BB027471A290D360004E394 /* PontoMapa.swift */; };
		6BC500081A18DC4700C4B9AB /* Usuario.swift in Sources */ = {isa = PBXBuildFile; fileRef = 6BC500071A18DC4700C4B9AB /* Usuario.swift */; };
		6BC5000B1A18DE0300C4B9AB /* Evento.swift in Sources */ = {isa = PBXBuildFile; fileRef = 6BC5000A1A18DE0300C4B9AB /* Evento.swift */; };
		6BC5000D1A18E36C00C4B9AB /* Veiculo.swift in Sources */ = {isa = PBXBuildFile; fileRef = 6BC5000C1A18E36C00C4B9AB /* Veiculo.swift */; };
		6BC500101A18F81A00C4B9AB /* Login.swift in Sources */ = {isa = PBXBuildFile; fileRef = 6BC5000F1A18F81A00C4B9AB /* Login.swift */; };
		6BC500121A18FB4400C4B9AB /* Veiculos.swift in Sources */ = {isa = PBXBuildFile; fileRef = 6BC500111A18FB4400C4B9AB /* Veiculos.swift */; };
		6BD4112C1A2CDA8D0017FB9B /* TrajetosFormViewController.swift in Sources */ = {isa = PBXBuildFile; fileRef = 6BD4112B1A2CDA8D0017FB9B /* TrajetosFormViewController.swift */; };
		6BD82E771A26990500B0B444 /* Images.xcassets in Resources */ = {isa = PBXBuildFile; fileRef = 6BD82E761A26990500B0B444 /* Images.xcassets */; };
		6BDA7F941A2B6605002D2FB1 /* ic_list_car.png in Resources */ = {isa = PBXBuildFile; fileRef = 6BDA7F911A2B6605002D2FB1 /* ic_list_car.png */; };
		6BDA7F951A2B6605002D2FB1 /* ic_list_gcar.png in Resources */ = {isa = PBXBuildFile; fileRef = 6BDA7F921A2B6605002D2FB1 /* ic_list_gcar.png */; };
		6BDA7F961A2B6605002D2FB1 /* ic_list_rcar.png in Resources */ = {isa = PBXBuildFile; fileRef = 6BDA7F931A2B6605002D2FB1 /* ic_list_rcar.png */; };
		EAE0604B1AD4BD5D005A6015 /* HS-Attachment.png in Resources */ = {isa = PBXBuildFile; fileRef = EAE0602C1AD4BD5D005A6015 /* HS-Attachment.png */; };
		EAE0604C1AD4BD5D005A6015 /* HS-Attachment@2x.png in Resources */ = {isa = PBXBuildFile; fileRef = EAE0602D1AD4BD5D005A6015 /* HS-Attachment@2x.png */; };
		EAE0604D1AD4BD5D005A6015 /* HS-Attachment@3x.png in Resources */ = {isa = PBXBuildFile; fileRef = EAE0602E1AD4BD5D005A6015 /* HS-Attachment@3x.png */; };
		EAE0604E1AD4BD5D005A6015 /* HS-camera-button.png in Resources */ = {isa = PBXBuildFile; fileRef = EAE0602F1AD4BD5D005A6015 /* HS-camera-button.png */; };
		EAE0604F1AD4BD5D005A6015 /* HS-camera-button@2x.png in Resources */ = {isa = PBXBuildFile; fileRef = EAE060301AD4BD5D005A6015 /* HS-camera-button@2x.png */; };
		EAE060501AD4BD5D005A6015 /* HS-camera-button@3x.png in Resources */ = {isa = PBXBuildFile; fileRef = EAE060311AD4BD5D005A6015 /* HS-camera-button@3x.png */; };
		EAE060511AD4BD5D005A6015 /* HS-delete-button.png in Resources */ = {isa = PBXBuildFile; fileRef = EAE060321AD4BD5D005A6015 /* HS-delete-button.png */; };
		EAE060521AD4BD5D005A6015 /* HS-delete-button@2x.png in Resources */ = {isa = PBXBuildFile; fileRef = EAE060331AD4BD5D005A6015 /* HS-delete-button@2x.png */; };
		EAE060531AD4BD5D005A6015 /* HS-delete-button@3x.png in Resources */ = {isa = PBXBuildFile; fileRef = EAE060341AD4BD5D005A6015 /* HS-delete-button@3x.png */; };
		EAE060541AD4BD5D005A6015 /* HS-no-connection.png in Resources */ = {isa = PBXBuildFile; fileRef = EAE060351AD4BD5D005A6015 /* HS-no-connection.png */; };
		EAE060551AD4BD5D005A6015 /* HS-no-connection@2x.png in Resources */ = {isa = PBXBuildFile; fileRef = EAE060361AD4BD5D005A6015 /* HS-no-connection@2x.png */; };
		EAE060561AD4BD5D005A6015 /* HS-powered-by-logo.png in Resources */ = {isa = PBXBuildFile; fileRef = EAE060371AD4BD5D005A6015 /* HS-powered-by-logo.png */; };
		EAE060571AD4BD5D005A6015 /* HS-powered-by-logo@2x.png in Resources */ = {isa = PBXBuildFile; fileRef = EAE060381AD4BD5D005A6015 /* HS-powered-by-logo@2x.png */; };
		EAE060581AD4BD5D005A6015 /* HS-powered-by-logo@3x.png in Resources */ = {isa = PBXBuildFile; fileRef = EAE060391AD4BD5D005A6015 /* HS-powered-by-logo@3x.png */; };
		EAE060591AD4BD5D005A6015 /* HS-screenshot-error.png in Resources */ = {isa = PBXBuildFile; fileRef = EAE0603A1AD4BD5D005A6015 /* HS-screenshot-error.png */; };
		EAE0605A1AD4BD5D005A6015 /* HS-screenshot-error@2x.png in Resources */ = {isa = PBXBuildFile; fileRef = EAE0603B1AD4BD5D005A6015 /* HS-screenshot-error@2x.png */; };
		EAE0605B1AD4BD5D005A6015 /* HSChatBubbleBlue.png in Resources */ = {isa = PBXBuildFile; fileRef = EAE0603C1AD4BD5D005A6015 /* HSChatBubbleBlue.png */; };
		EAE0605C1AD4BD5D005A6015 /* HSChatBubbleBlue@2x.png in Resources */ = {isa = PBXBuildFile; fileRef = EAE0603D1AD4BD5D005A6015 /* HSChatBubbleBlue@2x.png */; };
		EAE0605D1AD4BD5D005A6015 /* HSChatBubbleBlue@3x.png in Resources */ = {isa = PBXBuildFile; fileRef = EAE0603E1AD4BD5D005A6015 /* HSChatBubbleBlue@3x.png */; };
		EAE0605E1AD4BD5D005A6015 /* HSChatBubbleWhite.png in Resources */ = {isa = PBXBuildFile; fileRef = EAE0603F1AD4BD5D005A6015 /* HSChatBubbleWhite.png */; };
		EAE0605F1AD4BD5D005A6015 /* HSChatBubbleWhite@2x.png in Resources */ = {isa = PBXBuildFile; fileRef = EAE060401AD4BD5D005A6015 /* HSChatBubbleWhite@2x.png */; };
		EAE060601AD4BD5D005A6015 /* HSChatBubbleWhite@3x.png in Resources */ = {isa = PBXBuildFile; fileRef = EAE060411AD4BD5D005A6015 /* HSChatBubbleWhite@3x.png */; };
		EAE060611AD4BD5D005A6015 /* HSConfirmBox.png in Resources */ = {isa = PBXBuildFile; fileRef = EAE060421AD4BD5D005A6015 /* HSConfirmBox.png */; };
		EAE060621AD4BD5D005A6015 /* HSConfirmBox@2x.png in Resources */ = {isa = PBXBuildFile; fileRef = EAE060431AD4BD5D005A6015 /* HSConfirmBox@2x.png */; };
		EAE060631AD4BD5D005A6015 /* HSTutorial.png in Resources */ = {isa = PBXBuildFile; fileRef = EAE060441AD4BD5D005A6015 /* HSTutorial.png */; };
		EAE060641AD4BD5D005A6015 /* HSTutorial@2x.png in Resources */ = {isa = PBXBuildFile; fileRef = EAE060451AD4BD5D005A6015 /* HSTutorial@2x.png */; };
		EAE060651AD4BD5D005A6015 /* HSTutorial@3x.png in Resources */ = {isa = PBXBuildFile; fileRef = EAE060461AD4BD5D005A6015 /* HSTutorial@3x.png */; };
		EAE060661AD4BD5D005A6015 /* HSTutorialiPad.png in Resources */ = {isa = PBXBuildFile; fileRef = EAE060471AD4BD5D005A6015 /* HSTutorialiPad.png */; };
		EAE060671AD4BD5D005A6015 /* HSTutorialiPad@2x.png in Resources */ = {isa = PBXBuildFile; fileRef = EAE060481AD4BD5D005A6015 /* HSTutorialiPad@2x.png */; };
		EAE060681AD4BD5D005A6015 /* HSTutorialiPad@3x.png in Resources */ = {isa = PBXBuildFile; fileRef = EAE060491AD4BD5D005A6015 /* HSTutorialiPad@3x.png */; };
		EAE060691AD4BD5D005A6015 /* libHelpshift.a in Frameworks */ = {isa = PBXBuildFile; fileRef = EAE0604A1AD4BD5D005A6015 /* libHelpshift.a */; };
		EAE0606B1AD4BDA3005A6015 /* CoreGraphics.framework in Frameworks */ = {isa = PBXBuildFile; fileRef = EAE0606A1AD4BDA3005A6015 /* CoreGraphics.framework */; };
		EAE0606D1AD4BDAA005A6015 /* QuartzCore.framework in Frameworks */ = {isa = PBXBuildFile; fileRef = EAE0606C1AD4BDAA005A6015 /* QuartzCore.framework */; };
		EAE060701AD4BDB3005A6015 /* CoreTelephony.framework in Frameworks */ = {isa = PBXBuildFile; fileRef = EAE0606E1AD4BDB3005A6015 /* CoreTelephony.framework */; };
		EAE060711AD4BDB3005A6015 /* CoreText.framework in Frameworks */ = {isa = PBXBuildFile; fileRef = EAE0606F1AD4BDB3005A6015 /* CoreText.framework */; };
		EAE060731AD4BDBD005A6015 /* SystemConfiguration.framework in Frameworks */ = {isa = PBXBuildFile; fileRef = EAE060721AD4BDBD005A6015 /* SystemConfiguration.framework */; };
		EAE060751AD4BDC7005A6015 /* UIKit.framework in Frameworks */ = {isa = PBXBuildFile; fileRef = EAE060741AD4BDC7005A6015 /* UIKit.framework */; };
		EAE060771AD4BDD0005A6015 /* libsqlite3.0.dylib in Frameworks */ = {isa = PBXBuildFile; fileRef = EAE060761AD4BDD0005A6015 /* libsqlite3.0.dylib */; };
		EAE060791AD4BDD7005A6015 /* libz.dylib in Frameworks */ = {isa = PBXBuildFile; fileRef = EAE060781AD4BDD7005A6015 /* libz.dylib */; };
		EAE0607B1AD4BDDD005A6015 /* Security.framework in Frameworks */ = {isa = PBXBuildFile; fileRef = EAE0607A1AD4BDDD005A6015 /* Security.framework */; };
		EAE0607D1AD4BDE4005A6015 /* QuickLook.framework in Frameworks */ = {isa = PBXBuildFile; fileRef = EAE0607C1AD4BDE4005A6015 /* QuickLook.framework */; };
		EAE0607F1AD4BDEB005A6015 /* MessageUI.framework in Frameworks */ = {isa = PBXBuildFile; fileRef = EAE0607E1AD4BDEB005A6015 /* MessageUI.framework */; };
		EAE060841AD4BF57005A6015 /* HelpshiftLocalizable.strings in Resources */ = {isa = PBXBuildFile; fileRef = EAE060821AD4BF57005A6015 /* HelpshiftLocalizable.strings */; };
/* End PBXBuildFile section */

/* Begin PBXContainerItemProxy section */
		6BA9E5D819DC39A700214063 /* PBXContainerItemProxy */ = {
			isa = PBXContainerItemProxy;
			containerPortal = 6BA9E5BA19DC39A700214063 /* Project object */;
			proxyType = 1;
			remoteGlobalIDString = 6BA9E5C119DC39A700214063;
			remoteInfo = "Mobile Track";
		};
/* End PBXContainerItemProxy section */

/* Begin PBXFileReference section */
		6B14BB151A279724009F1C59 /* SplitViewController.swift */ = {isa = PBXFileReference; fileEncoding = 4; lastKnownFileType = sourcecode.swift; path = SplitViewController.swift; sourceTree = "<group>"; };
		6B14BB171A27A3E5009F1C59 /* CarrosTableViewController.swift */ = {isa = PBXFileReference; fileEncoding = 4; lastKnownFileType = sourcecode.swift; path = CarrosTableViewController.swift; sourceTree = "<group>"; };
		6B9F691A1A1003C00020C0D7 /* Webservice.swift */ = {isa = PBXFileReference; fileEncoding = 4; lastKnownFileType = sourcecode.swift; path = Webservice.swift; sourceTree = "<group>"; };
		6B9F691E1A100A590020C0D7 /* MainViewController.swift */ = {isa = PBXFileReference; fileEncoding = 4; lastKnownFileType = sourcecode.swift; path = MainViewController.swift; sourceTree = "<group>"; };
		6BA0690119E99DD00064E802 /* MapKit.framework */ = {isa = PBXFileReference; lastKnownFileType = wrapper.framework; name = MapKit.framework; path = System/Library/Frameworks/MapKit.framework; sourceTree = SDKROOT; };
		6BA9E5C219DC39A700214063 /* Mobile Track.app */ = {isa = PBXFileReference; explicitFileType = wrapper.application; includeInIndex = 0; path = "Mobile Track.app"; sourceTree = BUILT_PRODUCTS_DIR; };
		6BA9E5C619DC39A700214063 /* Info.plist */ = {isa = PBXFileReference; lastKnownFileType = text.plist.xml; path = Info.plist; sourceTree = "<group>"; };
		6BA9E5C719DC39A700214063 /* AppDelegate.swift */ = {isa = PBXFileReference; lastKnownFileType = sourcecode.swift; path = AppDelegate.swift; sourceTree = "<group>"; };
		6BA9E5C919DC39A700214063 /* LoginViewController.swift */ = {isa = PBXFileReference; lastKnownFileType = sourcecode.swift; path = LoginViewController.swift; sourceTree = "<group>"; };
		6BA9E5CC19DC39A700214063 /* Base */ = {isa = PBXFileReference; lastKnownFileType = file.storyboard; name = Base; path = Base.lproj/Main.storyboard; sourceTree = "<group>"; };
		6BA9E5D119DC39A700214063 /* Base */ = {isa = PBXFileReference; lastKnownFileType = file.xib; name = Base; path = Base.lproj/LaunchScreen.xib; sourceTree = "<group>"; };
		6BA9E5D719DC39A700214063 /* Mobile TrackTests.xctest */ = {isa = PBXFileReference; explicitFileType = wrapper.cfbundle; includeInIndex = 0; path = "Mobile TrackTests.xctest"; sourceTree = BUILT_PRODUCTS_DIR; };
		6BA9E5DC19DC39A700214063 /* Info.plist */ = {isa = PBXFileReference; lastKnownFileType = text.plist.xml; path = Info.plist; sourceTree = "<group>"; };
		6BA9E5DD19DC39A700214063 /* Mobile_TrackTests.swift */ = {isa = PBXFileReference; lastKnownFileType = sourcecode.swift; path = Mobile_TrackTests.swift; sourceTree = "<group>"; };
		6BA9E5E719DC3D1300214063 /* track_logo.png */ = {isa = PBXFileReference; lastKnownFileType = image.png; path = track_logo.png; sourceTree = "<group>"; };
		6BB027471A290D360004E394 /* PontoMapa.swift */ = {isa = PBXFileReference; fileEncoding = 4; lastKnownFileType = sourcecode.swift; path = PontoMapa.swift; sourceTree = "<group>"; };
		6BC500071A18DC4700C4B9AB /* Usuario.swift */ = {isa = PBXFileReference; fileEncoding = 4; lastKnownFileType = sourcecode.swift; path = Usuario.swift; sourceTree = "<group>"; };
		6BC5000A1A18DE0300C4B9AB /* Evento.swift */ = {isa = PBXFileReference; fileEncoding = 4; lastKnownFileType = sourcecode.swift; path = Evento.swift; sourceTree = "<group>"; };
		6BC5000C1A18E36C00C4B9AB /* Veiculo.swift */ = {isa = PBXFileReference; fileEncoding = 4; lastKnownFileType = sourcecode.swift; path = Veiculo.swift; sourceTree = "<group>"; };
		6BC5000F1A18F81A00C4B9AB /* Login.swift */ = {isa = PBXFileReference; fileEncoding = 4; lastKnownFileType = sourcecode.swift; path = Login.swift; sourceTree = "<group>"; };
		6BC500111A18FB4400C4B9AB /* Veiculos.swift */ = {isa = PBXFileReference; fileEncoding = 4; lastKnownFileType = sourcecode.swift; path = Veiculos.swift; sourceTree = "<group>"; };
		6BD4112B1A2CDA8D0017FB9B /* TrajetosFormViewController.swift */ = {isa = PBXFileReference; fileEncoding = 4; lastKnownFileType = sourcecode.swift; path = TrajetosFormViewController.swift; sourceTree = "<group>"; };
		6BD82E761A26990500B0B444 /* Images.xcassets */ = {isa = PBXFileReference; lastKnownFileType = folder.assetcatalog; path = Images.xcassets; sourceTree = "<group>"; };
		6BDA7F911A2B6605002D2FB1 /* ic_list_car.png */ = {isa = PBXFileReference; lastKnownFileType = image.png; path = ic_list_car.png; sourceTree = "<group>"; };
		6BDA7F921A2B6605002D2FB1 /* ic_list_gcar.png */ = {isa = PBXFileReference; lastKnownFileType = image.png; path = ic_list_gcar.png; sourceTree = "<group>"; };
		6BDA7F931A2B6605002D2FB1 /* ic_list_rcar.png */ = {isa = PBXFileReference; lastKnownFileType = image.png; path = ic_list_rcar.png; sourceTree = "<group>"; };
		EAE0602A1AD4BD5D005A6015 /* Helpshift.h */ = {isa = PBXFileReference; fileEncoding = 4; lastKnownFileType = sourcecode.c.h; path = Helpshift.h; sourceTree = "<group>"; };
		EAE0602C1AD4BD5D005A6015 /* HS-Attachment.png */ = {isa = PBXFileReference; lastKnownFileType = image.png; path = "HS-Attachment.png"; sourceTree = "<group>"; };
		EAE0602D1AD4BD5D005A6015 /* HS-Attachment@2x.png */ = {isa = PBXFileReference; lastKnownFileType = image.png; path = "HS-Attachment@2x.png"; sourceTree = "<group>"; };
		EAE0602E1AD4BD5D005A6015 /* HS-Attachment@3x.png */ = {isa = PBXFileReference; lastKnownFileType = image.png; path = "HS-Attachment@3x.png"; sourceTree = "<group>"; };
		EAE0602F1AD4BD5D005A6015 /* HS-camera-button.png */ = {isa = PBXFileReference; lastKnownFileType = image.png; path = "HS-camera-button.png"; sourceTree = "<group>"; };
		EAE060301AD4BD5D005A6015 /* HS-camera-button@2x.png */ = {isa = PBXFileReference; lastKnownFileType = image.png; path = "HS-camera-button@2x.png"; sourceTree = "<group>"; };
		EAE060311AD4BD5D005A6015 /* HS-camera-button@3x.png */ = {isa = PBXFileReference; lastKnownFileType = image.png; path = "HS-camera-button@3x.png"; sourceTree = "<group>"; };
		EAE060321AD4BD5D005A6015 /* HS-delete-button.png */ = {isa = PBXFileReference; lastKnownFileType = image.png; path = "HS-delete-button.png"; sourceTree = "<group>"; };
		EAE060331AD4BD5D005A6015 /* HS-delete-button@2x.png */ = {isa = PBXFileReference; lastKnownFileType = image.png; path = "HS-delete-button@2x.png"; sourceTree = "<group>"; };
		EAE060341AD4BD5D005A6015 /* HS-delete-button@3x.png */ = {isa = PBXFileReference; lastKnownFileType = image.png; path = "HS-delete-button@3x.png"; sourceTree = "<group>"; };
		EAE060351AD4BD5D005A6015 /* HS-no-connection.png */ = {isa = PBXFileReference; lastKnownFileType = image.png; path = "HS-no-connection.png"; sourceTree = "<group>"; };
		EAE060361AD4BD5D005A6015 /* HS-no-connection@2x.png */ = {isa = PBXFileReference; lastKnownFileType = image.png; path = "HS-no-connection@2x.png"; sourceTree = "<group>"; };
		EAE060371AD4BD5D005A6015 /* HS-powered-by-logo.png */ = {isa = PBXFileReference; lastKnownFileType = image.png; path = "HS-powered-by-logo.png"; sourceTree = "<group>"; };
		EAE060381AD4BD5D005A6015 /* HS-powered-by-logo@2x.png */ = {isa = PBXFileReference; lastKnownFileType = image.png; path = "HS-powered-by-logo@2x.png"; sourceTree = "<group>"; };
		EAE060391AD4BD5D005A6015 /* HS-powered-by-logo@3x.png */ = {isa = PBXFileReference; lastKnownFileType = image.png; path = "HS-powered-by-logo@3x.png"; sourceTree = "<group>"; };
		EAE0603A1AD4BD5D005A6015 /* HS-screenshot-error.png */ = {isa = PBXFileReference; lastKnownFileType = image.png; path = "HS-screenshot-error.png"; sourceTree = "<group>"; };
		EAE0603B1AD4BD5D005A6015 /* HS-screenshot-error@2x.png */ = {isa = PBXFileReference; lastKnownFileType = image.png; path = "HS-screenshot-error@2x.png"; sourceTree = "<group>"; };
		EAE0603C1AD4BD5D005A6015 /* HSChatBubbleBlue.png */ = {isa = PBXFileReference; lastKnownFileType = image.png; path = HSChatBubbleBlue.png; sourceTree = "<group>"; };
		EAE0603D1AD4BD5D005A6015 /* HSChatBubbleBlue@2x.png */ = {isa = PBXFileReference; lastKnownFileType = image.png; path = "HSChatBubbleBlue@2x.png"; sourceTree = "<group>"; };
		EAE0603E1AD4BD5D005A6015 /* HSChatBubbleBlue@3x.png */ = {isa = PBXFileReference; lastKnownFileType = image.png; path = "HSChatBubbleBlue@3x.png"; sourceTree = "<group>"; };
		EAE0603F1AD4BD5D005A6015 /* HSChatBubbleWhite.png */ = {isa = PBXFileReference; lastKnownFileType = image.png; path = HSChatBubbleWhite.png; sourceTree = "<group>"; };
		EAE060401AD4BD5D005A6015 /* HSChatBubbleWhite@2x.png */ = {isa = PBXFileReference; lastKnownFileType = image.png; path = "HSChatBubbleWhite@2x.png"; sourceTree = "<group>"; };
		EAE060411AD4BD5D005A6015 /* HSChatBubbleWhite@3x.png */ = {isa = PBXFileReference; lastKnownFileType = image.png; path = "HSChatBubbleWhite@3x.png"; sourceTree = "<group>"; };
		EAE060421AD4BD5D005A6015 /* HSConfirmBox.png */ = {isa = PBXFileReference; lastKnownFileType = image.png; path = HSConfirmBox.png; sourceTree = "<group>"; };
		EAE060431AD4BD5D005A6015 /* HSConfirmBox@2x.png */ = {isa = PBXFileReference; lastKnownFileType = image.png; path = "HSConfirmBox@2x.png"; sourceTree = "<group>"; };
		EAE060441AD4BD5D005A6015 /* HSTutorial.png */ = {isa = PBXFileReference; lastKnownFileType = image.png; path = HSTutorial.png; sourceTree = "<group>"; };
		EAE060451AD4BD5D005A6015 /* HSTutorial@2x.png */ = {isa = PBXFileReference; lastKnownFileType = image.png; path = "HSTutorial@2x.png"; sourceTree = "<group>"; };
		EAE060461AD4BD5D005A6015 /* HSTutorial@3x.png */ = {isa = PBXFileReference; lastKnownFileType = image.png; path = "HSTutorial@3x.png"; sourceTree = "<group>"; };
		EAE060471AD4BD5D005A6015 /* HSTutorialiPad.png */ = {isa = PBXFileReference; lastKnownFileType = image.png; path = HSTutorialiPad.png; sourceTree = "<group>"; };
		EAE060481AD4BD5D005A6015 /* HSTutorialiPad@2x.png */ = {isa = PBXFileReference; lastKnownFileType = image.png; path = "HSTutorialiPad@2x.png"; sourceTree = "<group>"; };
		EAE060491AD4BD5D005A6015 /* HSTutorialiPad@3x.png */ = {isa = PBXFileReference; lastKnownFileType = image.png; path = "HSTutorialiPad@3x.png"; sourceTree = "<group>"; };
		EAE0604A1AD4BD5D005A6015 /* libHelpshift.a */ = {isa = PBXFileReference; lastKnownFileType = archive.ar; path = libHelpshift.a; sourceTree = "<group>"; };
		EAE0606A1AD4BDA3005A6015 /* CoreGraphics.framework */ = {isa = PBXFileReference; lastKnownFileType = wrapper.framework; name = CoreGraphics.framework; path = System/Library/Frameworks/CoreGraphics.framework; sourceTree = SDKROOT; };
		EAE0606C1AD4BDAA005A6015 /* QuartzCore.framework */ = {isa = PBXFileReference; lastKnownFileType = wrapper.framework; name = QuartzCore.framework; path = System/Library/Frameworks/QuartzCore.framework; sourceTree = SDKROOT; };
		EAE0606E1AD4BDB3005A6015 /* CoreTelephony.framework */ = {isa = PBXFileReference; lastKnownFileType = wrapper.framework; name = CoreTelephony.framework; path = System/Library/Frameworks/CoreTelephony.framework; sourceTree = SDKROOT; };
		EAE0606F1AD4BDB3005A6015 /* CoreText.framework */ = {isa = PBXFileReference; lastKnownFileType = wrapper.framework; name = CoreText.framework; path = System/Library/Frameworks/CoreText.framework; sourceTree = SDKROOT; };
		EAE060721AD4BDBD005A6015 /* SystemConfiguration.framework */ = {isa = PBXFileReference; lastKnownFileType = wrapper.framework; name = SystemConfiguration.framework; path = System/Library/Frameworks/SystemConfiguration.framework; sourceTree = SDKROOT; };
		EAE060741AD4BDC7005A6015 /* UIKit.framework */ = {isa = PBXFileReference; lastKnownFileType = wrapper.framework; name = UIKit.framework; path = System/Library/Frameworks/UIKit.framework; sourceTree = SDKROOT; };
		EAE060761AD4BDD0005A6015 /* libsqlite3.0.dylib */ = {isa = PBXFileReference; lastKnownFileType = "compiled.mach-o.dylib"; name = libsqlite3.0.dylib; path = usr/lib/libsqlite3.0.dylib; sourceTree = SDKROOT; };
		EAE060781AD4BDD7005A6015 /* libz.dylib */ = {isa = PBXFileReference; lastKnownFileType = "compiled.mach-o.dylib"; name = libz.dylib; path = usr/lib/libz.dylib; sourceTree = SDKROOT; };
		EAE0607A1AD4BDDD005A6015 /* Security.framework */ = {isa = PBXFileReference; lastKnownFileType = wrapper.framework; name = Security.framework; path = System/Library/Frameworks/Security.framework; sourceTree = SDKROOT; };
		EAE0607C1AD4BDE4005A6015 /* QuickLook.framework */ = {isa = PBXFileReference; lastKnownFileType = wrapper.framework; name = QuickLook.framework; path = System/Library/Frameworks/QuickLook.framework; sourceTree = SDKROOT; };
		EAE0607E1AD4BDEB005A6015 /* MessageUI.framework */ = {isa = PBXFileReference; lastKnownFileType = wrapper.framework; name = MessageUI.framework; path = System/Library/Frameworks/MessageUI.framework; sourceTree = SDKROOT; };
		EAE060801AD4BE08005A6015 /* Header.h */ = {isa = PBXFileReference; fileEncoding = 4; lastKnownFileType = sourcecode.c.h; path = Header.h; sourceTree = "<group>"; };
		EAE060831AD4BF57005A6015 /* pt */ = {isa = PBXFileReference; lastKnownFileType = text.plist.strings; name = pt; path = HelpshiftLocalizable.strings; sourceTree = "<group>"; };
/* End PBXFileReference section */

/* Begin PBXFrameworksBuildPhase section */
		6BA9E5BF19DC39A700214063 /* Frameworks */ = {
			isa = PBXFrameworksBuildPhase;
			buildActionMask = 2147483647;
			files = (
				EAE0607F1AD4BDEB005A6015 /* MessageUI.framework in Frameworks */,
				EAE0607D1AD4BDE4005A6015 /* QuickLook.framework in Frameworks */,
				EAE0607B1AD4BDDD005A6015 /* Security.framework in Frameworks */,
				EAE060791AD4BDD7005A6015 /* libz.dylib in Frameworks */,
				EAE060771AD4BDD0005A6015 /* libsqlite3.0.dylib in Frameworks */,
				EAE060751AD4BDC7005A6015 /* UIKit.framework in Frameworks */,
				EAE060731AD4BDBD005A6015 /* SystemConfiguration.framework in Frameworks */,
				EAE060701AD4BDB3005A6015 /* CoreTelephony.framework in Frameworks */,
				EAE060711AD4BDB3005A6015 /* CoreText.framework in Frameworks */,
				EAE0606D1AD4BDAA005A6015 /* QuartzCore.framework in Frameworks */,
				EAE0606B1AD4BDA3005A6015 /* CoreGraphics.framework in Frameworks */,
				6BA0690219E99DD00064E802 /* MapKit.framework in Frameworks */,
				EAE060691AD4BD5D005A6015 /* libHelpshift.a in Frameworks */,
			);
			runOnlyForDeploymentPostprocessing = 0;
		};
		6BA9E5D419DC39A700214063 /* Frameworks */ = {
			isa = PBXFrameworksBuildPhase;
			buildActionMask = 2147483647;
			files = (
			);
			runOnlyForDeploymentPostprocessing = 0;
		};
/* End PBXFrameworksBuildPhase section */

/* Begin PBXGroup section */
		6BA9E5B919DC39A700214063 = {
			isa = PBXGroup;
			children = (
				EAE0607E1AD4BDEB005A6015 /* MessageUI.framework */,
				EAE0607C1AD4BDE4005A6015 /* QuickLook.framework */,
				EAE0607A1AD4BDDD005A6015 /* Security.framework */,
				EAE060781AD4BDD7005A6015 /* libz.dylib */,
				EAE060761AD4BDD0005A6015 /* libsqlite3.0.dylib */,
				EAE060741AD4BDC7005A6015 /* UIKit.framework */,
				EAE060721AD4BDBD005A6015 /* SystemConfiguration.framework */,
				EAE0606E1AD4BDB3005A6015 /* CoreTelephony.framework */,
				EAE0606F1AD4BDB3005A6015 /* CoreText.framework */,
				EAE0606C1AD4BDAA005A6015 /* QuartzCore.framework */,
				EAE0606A1AD4BDA3005A6015 /* CoreGraphics.framework */,
				EAE0602A1AD4BD5D005A6015 /* Helpshift.h */,
				EAE0602B1AD4BD5D005A6015 /* HSResources */,
				EAE0604A1AD4BD5D005A6015 /* libHelpshift.a */,
				6BA0690119E99DD00064E802 /* MapKit.framework */,
				6BA9E5C419DC39A700214063 /* Mobile Track */,
				6BA9E5DA19DC39A700214063 /* Mobile TrackTests */,
				6BA9E5C319DC39A700214063 /* Products */,
			);
			sourceTree = "<group>";
		};
		6BA9E5C319DC39A700214063 /* Products */ = {
			isa = PBXGroup;
			children = (
				6BA9E5C219DC39A700214063 /* Mobile Track.app */,
				6BA9E5D719DC39A700214063 /* Mobile TrackTests.xctest */,
			);
			name = Products;
			sourceTree = "<group>";
		};
		6BA9E5C419DC39A700214063 /* Mobile Track */ = {
			isa = PBXGroup;
			children = (
				6BC5000E1A18E47100C4B9AB /* Data Access */,
				6BC500091A18DDEC00C4B9AB /* Entidades */,
				6BA9E5E919DC3D1900214063 /* resources */,
				6BA9E5C719DC39A700214063 /* AppDelegate.swift */,
				6BA9E5C919DC39A700214063 /* LoginViewController.swift */,
				6BA9E5CB19DC39A700214063 /* Main.storyboard */,
				6BA9E5D019DC39A700214063 /* LaunchScreen.xib */,
				6BA9E5C519DC39A700214063 /* Supporting Files */,
				6B9F691E1A100A590020C0D7 /* MainViewController.swift */,
				6BD82E761A26990500B0B444 /* Images.xcassets */,
				6B14BB151A279724009F1C59 /* SplitViewController.swift */,
				6BD4112B1A2CDA8D0017FB9B /* TrajetosFormViewController.swift */,
				6B14BB171A27A3E5009F1C59 /* CarrosTableViewController.swift */,
				EAE060801AD4BE08005A6015 /* Header.h */,
			);
			path = "Mobile Track";
			sourceTree = "<group>";
		};
		6BA9E5C519DC39A700214063 /* Supporting Files */ = {
			isa = PBXGroup;
			children = (
				6BA9E5C619DC39A700214063 /* Info.plist */,
			);
			name = "Supporting Files";
			sourceTree = "<group>";
		};
		6BA9E5DA19DC39A700214063 /* Mobile TrackTests */ = {
			isa = PBXGroup;
			children = (
				6BA9E5DD19DC39A700214063 /* Mobile_TrackTests.swift */,
				6BA9E5DB19DC39A700214063 /* Supporting Files */,
			);
			path = "Mobile TrackTests";
			sourceTree = "<group>";
		};
		6BA9E5DB19DC39A700214063 /* Supporting Files */ = {
			isa = PBXGroup;
			children = (
				6BA9E5DC19DC39A700214063 /* Info.plist */,
			);
			name = "Supporting Files";
			sourceTree = "<group>";
		};
		6BA9E5E919DC3D1900214063 /* resources */ = {
			isa = PBXGroup;
			children = (
				6BDA7F911A2B6605002D2FB1 /* ic_list_car.png */,
				6BDA7F921A2B6605002D2FB1 /* ic_list_gcar.png */,
				6BDA7F931A2B6605002D2FB1 /* ic_list_rcar.png */,
				6BA9E5E719DC3D1300214063 /* track_logo.png */,
			);
			name = resources;
			sourceTree = "<group>";
		};
		6BC500091A18DDEC00C4B9AB /* Entidades */ = {
			isa = PBXGroup;
			children = (
				6BC500071A18DC4700C4B9AB /* Usuario.swift */,
				6BC5000A1A18DE0300C4B9AB /* Evento.swift */,
				6BC5000C1A18E36C00C4B9AB /* Veiculo.swift */,
				6BB027471A290D360004E394 /* PontoMapa.swift */,
			);
			name = Entidades;
			sourceTree = "<group>";
		};
		6BC5000E1A18E47100C4B9AB /* Data Access */ = {
			isa = PBXGroup;
			children = (
				6B9F691A1A1003C00020C0D7 /* Webservice.swift */,
				6BC5000F1A18F81A00C4B9AB /* Login.swift */,
				6BC500111A18FB4400C4B9AB /* Veiculos.swift */,
			);
			name = "Data Access";
			sourceTree = "<group>";
		};
		EAE0602B1AD4BD5D005A6015 /* HSResources */ = {
			isa = PBXGroup;
			children = (
				EAE060811AD4BF57005A6015 /* pt.lproj */,
				EAE0602C1AD4BD5D005A6015 /* HS-Attachment.png */,
				EAE0602D1AD4BD5D005A6015 /* HS-Attachment@2x.png */,
				EAE0602E1AD4BD5D005A6015 /* HS-Attachment@3x.png */,
				EAE0602F1AD4BD5D005A6015 /* HS-camera-button.png */,
				EAE060301AD4BD5D005A6015 /* HS-camera-button@2x.png */,
				EAE060311AD4BD5D005A6015 /* HS-camera-button@3x.png */,
				EAE060321AD4BD5D005A6015 /* HS-delete-button.png */,
				EAE060331AD4BD5D005A6015 /* HS-delete-button@2x.png */,
				EAE060341AD4BD5D005A6015 /* HS-delete-button@3x.png */,
				EAE060351AD4BD5D005A6015 /* HS-no-connection.png */,
				EAE060361AD4BD5D005A6015 /* HS-no-connection@2x.png */,
				EAE060371AD4BD5D005A6015 /* HS-powered-by-logo.png */,
				EAE060381AD4BD5D005A6015 /* HS-powered-by-logo@2x.png */,
				EAE060391AD4BD5D005A6015 /* HS-powered-by-logo@3x.png */,
				EAE0603A1AD4BD5D005A6015 /* HS-screenshot-error.png */,
				EAE0603B1AD4BD5D005A6015 /* HS-screenshot-error@2x.png */,
				EAE0603C1AD4BD5D005A6015 /* HSChatBubbleBlue.png */,
				EAE0603D1AD4BD5D005A6015 /* HSChatBubbleBlue@2x.png */,
				EAE0603E1AD4BD5D005A6015 /* HSChatBubbleBlue@3x.png */,
				EAE0603F1AD4BD5D005A6015 /* HSChatBubbleWhite.png */,
				EAE060401AD4BD5D005A6015 /* HSChatBubbleWhite@2x.png */,
				EAE060411AD4BD5D005A6015 /* HSChatBubbleWhite@3x.png */,
				EAE060421AD4BD5D005A6015 /* HSConfirmBox.png */,
				EAE060431AD4BD5D005A6015 /* HSConfirmBox@2x.png */,
				EAE060441AD4BD5D005A6015 /* HSTutorial.png */,
				EAE060451AD4BD5D005A6015 /* HSTutorial@2x.png */,
				EAE060461AD4BD5D005A6015 /* HSTutorial@3x.png */,
				EAE060471AD4BD5D005A6015 /* HSTutorialiPad.png */,
				EAE060481AD4BD5D005A6015 /* HSTutorialiPad@2x.png */,
				EAE060491AD4BD5D005A6015 /* HSTutorialiPad@3x.png */,
			);
			path = HSResources;
			sourceTree = "<group>";
		};
		EAE060811AD4BF57005A6015 /* pt.lproj */ = {
			isa = PBXGroup;
			children = (
				EAE060821AD4BF57005A6015 /* HelpshiftLocalizable.strings */,
			);
			path = pt.lproj;
			sourceTree = "<group>";
		};
/* End PBXGroup section */

/* Begin PBXNativeTarget section */
		6BA9E5C119DC39A700214063 /* Mobile Track */ = {
			isa = PBXNativeTarget;
			buildConfigurationList = 6BA9E5E119DC39A700214063 /* Build configuration list for PBXNativeTarget "Mobile Track" */;
			buildPhases = (
				6BA9E5BE19DC39A700214063 /* Sources */,
				6BA9E5BF19DC39A700214063 /* Frameworks */,
				6BA9E5C019DC39A700214063 /* Resources */,
			);
			buildRules = (
			);
			dependencies = (
			);
			name = "Mobile Track";
			productName = "Mobile Track";
			productReference = 6BA9E5C219DC39A700214063 /* Mobile Track.app */;
			productType = "com.apple.product-type.application";
		};
		6BA9E5D619DC39A700214063 /* Mobile TrackTests */ = {
			isa = PBXNativeTarget;
			buildConfigurationList = 6BA9E5E419DC39A700214063 /* Build configuration list for PBXNativeTarget "Mobile TrackTests" */;
			buildPhases = (
				6BA9E5D319DC39A700214063 /* Sources */,
				6BA9E5D419DC39A700214063 /* Frameworks */,
				6BA9E5D519DC39A700214063 /* Resources */,
			);
			buildRules = (
			);
			dependencies = (
				6BA9E5D919DC39A700214063 /* PBXTargetDependency */,
			);
			name = "Mobile TrackTests";
			productName = "Mobile TrackTests";
			productReference = 6BA9E5D719DC39A700214063 /* Mobile TrackTests.xctest */;
			productType = "com.apple.product-type.bundle.unit-test";
		};
/* End PBXNativeTarget section */

/* Begin PBXProject section */
		6BA9E5BA19DC39A700214063 /* Project object */ = {
			isa = PBXProject;
			attributes = {
				LastUpgradeCheck = 0600;
				ORGANIZATIONNAME = "ECX Card";
				TargetAttributes = {
					6BA9E5C119DC39A700214063 = {
						CreatedOnToolsVersion = 6.0.1;
						DevelopmentTeam = J327V4Q68P;
					};
					6BA9E5D619DC39A700214063 = {
						CreatedOnToolsVersion = 6.0.1;
						TestTargetID = 6BA9E5C119DC39A700214063;
					};
				};
			};
			buildConfigurationList = 6BA9E5BD19DC39A700214063 /* Build configuration list for PBXProject "Mobile Track" */;
			compatibilityVersion = "Xcode 3.2";
			developmentRegion = English;
			hasScannedForEncodings = 0;
			knownRegions = (
				en,
				Base,
				pt,
			);
			mainGroup = 6BA9E5B919DC39A700214063;
			productRefGroup = 6BA9E5C319DC39A700214063 /* Products */;
			projectDirPath = "";
			projectRoot = "";
			targets = (
				6BA9E5C119DC39A700214063 /* Mobile Track */,
				6BA9E5D619DC39A700214063 /* Mobile TrackTests */,
			);
		};
/* End PBXProject section */

/* Begin PBXResourcesBuildPhase section */
		6BA9E5C019DC39A700214063 /* Resources */ = {
			isa = PBXResourcesBuildPhase;
			buildActionMask = 2147483647;
			files = (
				EAE0604C1AD4BD5D005A6015 /* HS-Attachment@2x.png in Resources */,
				EAE060601AD4BD5D005A6015 /* HSChatBubbleWhite@3x.png in Resources */,
				6BA9E5CD19DC39A700214063 /* Main.storyboard in Resources */,
				6BD82E771A26990500B0B444 /* Images.xcassets in Resources */,
				6BDA7F951A2B6605002D2FB1 /* ic_list_gcar.png in Resources */,
				EAE060581AD4BD5D005A6015 /* HS-powered-by-logo@3x.png in Resources */,
				EAE0605E1AD4BD5D005A6015 /* HSChatBubbleWhite.png in Resources */,
				EAE060541AD4BD5D005A6015 /* HS-no-connection.png in Resources */,
				EAE060621AD4BD5D005A6015 /* HSConfirmBox@2x.png in Resources */,
				EAE0605D1AD4BD5D005A6015 /* HSChatBubbleBlue@3x.png in Resources */,
				EAE060501AD4BD5D005A6015 /* HS-camera-button@3x.png in Resources */,
				EAE060671AD4BD5D005A6015 /* HSTutorialiPad@2x.png in Resources */,
				EAE060511AD4BD5D005A6015 /* HS-delete-button.png in Resources */,
				6BDA7F941A2B6605002D2FB1 /* ic_list_car.png in Resources */,
				EAE060591AD4BD5D005A6015 /* HS-screenshot-error.png in Resources */,
				EAE060611AD4BD5D005A6015 /* HSConfirmBox.png in Resources */,
				EAE060661AD4BD5D005A6015 /* HSTutorialiPad.png in Resources */,
				6BA9E5D219DC39A700214063 /* LaunchScreen.xib in Resources */,
				EAE060631AD4BD5D005A6015 /* HSTutorial.png in Resources */,
				EAE060681AD4BD5D005A6015 /* HSTutorialiPad@3x.png in Resources */,
				EAE0605A1AD4BD5D005A6015 /* HS-screenshot-error@2x.png in Resources */,
				EAE060521AD4BD5D005A6015 /* HS-delete-button@2x.png in Resources */,
				EAE060531AD4BD5D005A6015 /* HS-delete-button@3x.png in Resources */,
				EAE0605B1AD4BD5D005A6015 /* HSChatBubbleBlue.png in Resources */,
				EAE0605F1AD4BD5D005A6015 /* HSChatBubbleWhite@2x.png in Resources */,
				EAE060561AD4BD5D005A6015 /* HS-powered-by-logo.png in Resources */,
				EAE0604E1AD4BD5D005A6015 /* HS-camera-button.png in Resources */,
				EAE0604B1AD4BD5D005A6015 /* HS-Attachment.png in Resources */,
				EAE0605C1AD4BD5D005A6015 /* HSChatBubbleBlue@2x.png in Resources */,
				EAE060841AD4BF57005A6015 /* HelpshiftLocalizable.strings in Resources */,
				EAE060571AD4BD5D005A6015 /* HS-powered-by-logo@2x.png in Resources */,
				EAE0604D1AD4BD5D005A6015 /* HS-Attachment@3x.png in Resources */,
				EAE060551AD4BD5D005A6015 /* HS-no-connection@2x.png in Resources */,
				6BA9E5E819DC3D1300214063 /* track_logo.png in Resources */,
				EAE060651AD4BD5D005A6015 /* HSTutorial@3x.png in Resources */,
				EAE0604F1AD4BD5D005A6015 /* HS-camera-button@2x.png in Resources */,
				EAE060641AD4BD5D005A6015 /* HSTutorial@2x.png in Resources */,
				6BDA7F961A2B6605002D2FB1 /* ic_list_rcar.png in Resources */,
			);
			runOnlyForDeploymentPostprocessing = 0;
		};
		6BA9E5D519DC39A700214063 /* Resources */ = {
			isa = PBXResourcesBuildPhase;
			buildActionMask = 2147483647;
			files = (
			);
			runOnlyForDeploymentPostprocessing = 0;
		};
/* End PBXResourcesBuildPhase section */

/* Begin PBXSourcesBuildPhase section */
		6BA9E5BE19DC39A700214063 /* Sources */ = {
			isa = PBXSourcesBuildPhase;
			buildActionMask = 2147483647;
			files = (
				6BC5000D1A18E36C00C4B9AB /* Veiculo.swift in Sources */,
				6BC500121A18FB4400C4B9AB /* Veiculos.swift in Sources */,
				6BC5000B1A18DE0300C4B9AB /* Evento.swift in Sources */,
				6BA9E5CA19DC39A700214063 /* LoginViewController.swift in Sources */,
				6B14BB181A27A3E5009F1C59 /* CarrosTableViewController.swift in Sources */,
				6BB027481A290D360004E394 /* PontoMapa.swift in Sources */,
				6BA9E5C819DC39A700214063 /* AppDelegate.swift in Sources */,
				6B14BB161A279724009F1C59 /* SplitViewController.swift in Sources */,
				6B9F691B1A1003C00020C0D7 /* Webservice.swift in Sources */,
				6BC500081A18DC4700C4B9AB /* Usuario.swift in Sources */,
				6BD4112C1A2CDA8D0017FB9B /* TrajetosFormViewController.swift in Sources */,
				6B9F691F1A100A590020C0D7 /* MainViewController.swift in Sources */,
				6BC500101A18F81A00C4B9AB /* Login.swift in Sources */,
			);
			runOnlyForDeploymentPostprocessing = 0;
		};
		6BA9E5D319DC39A700214063 /* Sources */ = {
			isa = PBXSourcesBuildPhase;
			buildActionMask = 2147483647;
			files = (
				6BA9E5DE19DC39A700214063 /* Mobile_TrackTests.swift in Sources */,
			);
			runOnlyForDeploymentPostprocessing = 0;
		};
/* End PBXSourcesBuildPhase section */

/* Begin PBXTargetDependency section */
		6BA9E5D919DC39A700214063 /* PBXTargetDependency */ = {
			isa = PBXTargetDependency;
			target = 6BA9E5C119DC39A700214063 /* Mobile Track */;
			targetProxy = 6BA9E5D819DC39A700214063 /* PBXContainerItemProxy */;
		};
/* End PBXTargetDependency section */

/* Begin PBXVariantGroup section */
		6BA9E5CB19DC39A700214063 /* Main.storyboard */ = {
			isa = PBXVariantGroup;
			children = (
				6BA9E5CC19DC39A700214063 /* Base */,
			);
			name = Main.storyboard;
			sourceTree = "<group>";
		};
		6BA9E5D019DC39A700214063 /* LaunchScreen.xib */ = {
			isa = PBXVariantGroup;
			children = (
				6BA9E5D119DC39A700214063 /* Base */,
			);
			name = LaunchScreen.xib;
			sourceTree = "<group>";
		};
		EAE060821AD4BF57005A6015 /* HelpshiftLocalizable.strings */ = {
			isa = PBXVariantGroup;
			children = (
				EAE060831AD4BF57005A6015 /* pt */,
			);
			name = HelpshiftLocalizable.strings;
			sourceTree = "<group>";
		};
/* End PBXVariantGroup section */

/* Begin XCBuildConfiguration section */
		6BA9E5DF19DC39A700214063 /* Debug */ = {
			isa = XCBuildConfiguration;
			buildSettings = {
				ALWAYS_SEARCH_USER_PATHS = NO;
				CLANG_CXX_LANGUAGE_STANDARD = "gnu++0x";
				CLANG_CXX_LIBRARY = "libc++";
				CLANG_ENABLE_MODULES = YES;
				CLANG_ENABLE_OBJC_ARC = YES;
				CLANG_WARN_BOOL_CONVERSION = YES;
				CLANG_WARN_CONSTANT_CONVERSION = YES;
				CLANG_WARN_DIRECT_OBJC_ISA_USAGE = YES_ERROR;
				CLANG_WARN_EMPTY_BODY = YES;
				CLANG_WARN_ENUM_CONVERSION = YES;
				CLANG_WARN_INT_CONVERSION = YES;
				CLANG_WARN_OBJC_ROOT_CLASS = YES_ERROR;
				CLANG_WARN_UNREACHABLE_CODE = YES;
				CLANG_WARN__DUPLICATE_METHOD_MATCH = YES;
				"CODE_SIGN_IDENTITY[sdk=iphoneos*]" = "iPhone Developer";
				COPY_PHASE_STRIP = NO;
				ENABLE_STRICT_OBJC_MSGSEND = YES;
				GCC_C_LANGUAGE_STANDARD = gnu99;
				GCC_DYNAMIC_NO_PIC = NO;
				GCC_OPTIMIZATION_LEVEL = 0;
				GCC_PREPROCESSOR_DEFINITIONS = (
					"DEBUG=1",
					"$(inherited)",
				);
				GCC_SYMBOLS_PRIVATE_EXTERN = NO;
				GCC_WARN_64_TO_32_BIT_CONVERSION = YES;
				GCC_WARN_ABOUT_RETURN_TYPE = YES_ERROR;
				GCC_WARN_UNDECLARED_SELECTOR = YES;
				GCC_WARN_UNINITIALIZED_AUTOS = YES_AGGRESSIVE;
				GCC_WARN_UNUSED_FUNCTION = YES;
				GCC_WARN_UNUSED_VARIABLE = YES;
				IPHONEOS_DEPLOYMENT_TARGET = 8.0;
				MTL_ENABLE_DEBUG_INFO = YES;
				ONLY_ACTIVE_ARCH = YES;
				SDKROOT = iphoneos;
				SWIFT_OPTIMIZATION_LEVEL = "-Onone";
				TARGETED_DEVICE_FAMILY = "1,2";
			};
			name = Debug;
		};
		6BA9E5E019DC39A700214063 /* Release */ = {
			isa = XCBuildConfiguration;
			buildSettings = {
				ALWAYS_SEARCH_USER_PATHS = NO;
				CLANG_CXX_LANGUAGE_STANDARD = "gnu++0x";
				CLANG_CXX_LIBRARY = "libc++";
				CLANG_ENABLE_MODULES = YES;
				CLANG_ENABLE_OBJC_ARC = YES;
				CLANG_WARN_BOOL_CONVERSION = YES;
				CLANG_WARN_CONSTANT_CONVERSION = YES;
				CLANG_WARN_DIRECT_OBJC_ISA_USAGE = YES_ERROR;
				CLANG_WARN_EMPTY_BODY = YES;
				CLANG_WARN_ENUM_CONVERSION = YES;
				CLANG_WARN_INT_CONVERSION = YES;
				CLANG_WARN_OBJC_ROOT_CLASS = YES_ERROR;
				CLANG_WARN_UNREACHABLE_CODE = YES;
				CLANG_WARN__DUPLICATE_METHOD_MATCH = YES;
				"CODE_SIGN_IDENTITY[sdk=iphoneos*]" = "iPhone Developer";
				COPY_PHASE_STRIP = YES;
				ENABLE_NS_ASSERTIONS = NO;
				ENABLE_STRICT_OBJC_MSGSEND = YES;
				GCC_C_LANGUAGE_STANDARD = gnu99;
				GCC_WARN_64_TO_32_BIT_CONVERSION = YES;
				GCC_WARN_ABOUT_RETURN_TYPE = YES_ERROR;
				GCC_WARN_UNDECLARED_SELECTOR = YES;
				GCC_WARN_UNINITIALIZED_AUTOS = YES_AGGRESSIVE;
				GCC_WARN_UNUSED_FUNCTION = YES;
				GCC_WARN_UNUSED_VARIABLE = YES;
				IPHONEOS_DEPLOYMENT_TARGET = 8.0;
				MTL_ENABLE_DEBUG_INFO = NO;
				SDKROOT = iphoneos;
				TARGETED_DEVICE_FAMILY = "1,2";
				VALIDATE_PRODUCT = YES;
			};
			name = Release;
		};
		6BA9E5E219DC39A700214063 /* Debug */ = {
			isa = XCBuildConfiguration;
			buildSettings = {
				ASSETCATALOG_COMPILER_APPICON_NAME = AppIcon;
				CODE_SIGN_IDENTITY = "iPhone Developer";
				"CODE_SIGN_IDENTITY[sdk=iphoneos*]" = "iPhone Developer";
				INFOPLIST_FILE = "Mobile Track/Info.plist";
				LD_RUNPATH_SEARCH_PATHS = "$(inherited) @executable_path/Frameworks";
				LIBRARY_SEARCH_PATHS = (
					"$(inherited)",
					"$(PROJECT_DIR)",
				);
				PRODUCT_NAME = "$(TARGET_NAME)";
				PROVISIONING_PROFILE = "";
				SWIFT_OBJC_BRIDGING_HEADER = "/Users/viniciusgontijo/Documents/Projetos/Mobile-Track-IOS/Mobile Track/Header.h";
			};
			name = Debug;
		};
		6BA9E5E319DC39A700214063 /* Release */ = {
			isa = XCBuildConfiguration;
			buildSettings = {
				ASSETCATALOG_COMPILER_APPICON_NAME = AppIcon;
				CODE_SIGN_IDENTITY = "iPhone Developer";
				"CODE_SIGN_IDENTITY[sdk=iphoneos*]" = "iPhone Developer";
				INFOPLIST_FILE = "Mobile Track/Info.plist";
				LD_RUNPATH_SEARCH_PATHS = "$(inherited) @executable_path/Frameworks";
				LIBRARY_SEARCH_PATHS = (
					"$(inherited)",
					"$(PROJECT_DIR)",
				);
				PRODUCT_NAME = "$(TARGET_NAME)";
				PROVISIONING_PROFILE = "";
				SWIFT_OBJC_BRIDGING_HEADER = "/Users/viniciusgontijo/Documents/Projetos/Mobile-Track-IOS/Mobile Track/Header.h";
			};
			name = Release;
		};
		6BA9E5E519DC39A700214063 /* Debug */ = {
			isa = XCBuildConfiguration;
			buildSettings = {
				BUNDLE_LOADER = "$(TEST_HOST)";
				FRAMEWORK_SEARCH_PATHS = (
					"$(SDKROOT)/Developer/Library/Frameworks",
					"$(inherited)",
				);
				GCC_PREPROCESSOR_DEFINITIONS = (
					"DEBUG=1",
					"$(inherited)",
				);
				INFOPLIST_FILE = "Mobile TrackTests/Info.plist";
				LD_RUNPATH_SEARCH_PATHS = "$(inherited) @executable_path/Frameworks @loader_path/Frameworks";
				PRODUCT_NAME = "$(TARGET_NAME)";
				TEST_HOST = "$(BUILT_PRODUCTS_DIR)/Mobile Track.app/Mobile Track";
			};
			name = Debug;
		};
		6BA9E5E619DC39A700214063 /* Release */ = {
			isa = XCBuildConfiguration;
			buildSettings = {
				BUNDLE_LOADER = "$(TEST_HOST)";
				FRAMEWORK_SEARCH_PATHS = (
					"$(SDKROOT)/Developer/Library/Frameworks",
					"$(inherited)",
				);
				INFOPLIST_FILE = "Mobile TrackTests/Info.plist";
				LD_RUNPATH_SEARCH_PATHS = "$(inherited) @executable_path/Frameworks @loader_path/Frameworks";
				PRODUCT_NAME = "$(TARGET_NAME)";
				TEST_HOST = "$(BUILT_PRODUCTS_DIR)/Mobile Track.app/Mobile Track";
			};
			name = Release;
		};
/* End XCBuildConfiguration section */

/* Begin XCConfigurationList section */
		6BA9E5BD19DC39A700214063 /* Build configuration list for PBXProject "Mobile Track" */ = {
			isa = XCConfigurationList;
			buildConfigurations = (
				6BA9E5DF19DC39A700214063 /* Debug */,
				6BA9E5E019DC39A700214063 /* Release */,
			);
			defaultConfigurationIsVisible = 0;
			defaultConfigurationName = Release;
		};
		6BA9E5E119DC39A700214063 /* Build configuration list for PBXNativeTarget "Mobile Track" */ = {
			isa = XCConfigurationList;
			buildConfigurations = (
				6BA9E5E219DC39A700214063 /* Debug */,
				6BA9E5E319DC39A700214063 /* Release */,
			);
			defaultConfigurationIsVisible = 0;
			defaultConfigurationName = Release;
		};
		6BA9E5E419DC39A700214063 /* Build configuration list for PBXNativeTarget "Mobile TrackTests" */ = {
			isa = XCConfigurationList;
			buildConfigurations = (
				6BA9E5E519DC39A700214063 /* Debug */,
				6BA9E5E619DC39A700214063 /* Release */,
			);
			defaultConfigurationIsVisible = 0;
			defaultConfigurationName = Release;
		};
/* End XCConfigurationList section */
	};
	rootObject = 6BA9E5BA19DC39A700214063 /* Project object */;
}
